
Microsoft Visual Studio Solution File, Format Version 12.00
# Visual Studio Version 16
VisualStudioVersion = 16.0.33027.164
MinimumVisualStudioVersion = 10.0.40219.1
Project("{FAE04EC0-301F-11D3-BF4B-00C04F79EFBC}") = "waAgenda", "waAgenda\waAgenda.csproj", "{10A56C2F-7B64-4B3C-AA7D-D6CEE8A1075F}"
EndProject
Global
	GlobalSection(SolutionConfigurationPlatforms) = preSolution
		Debug|Any CPU = Debug|Any CPU
		Release|Any CPU = Release|Any CPU
	EndGlobalSection
	GlobalSection(ProjectConfigurationPlatforms) = postSolution
		{10A56C2F-7B64-4B3C-AA7D-D6CEE8A1075F}.Debug|Any CPU.ActiveCfg = Debug|Any CPU
		{10A56C2F-7B64-4B3C-AA7D-D6CEE8A1075F}.Debug|Any CPU.Build.0 = Debug|Any CPU
		{10A56C2F-7B64-4B3C-AA7D-D6CEE8A1075F}.Release|Any CPU.ActiveCfg = Release|Any CPU
		{10A56C2F-7B64-4B3C-AA7D-D6CEE8A1075F}.Release|Any CPU.Build.0 = Release|Any CPU
	EndGlobalSection
	GlobalSection(SolutionProperties) = preSolution
		HideSolutionNode = FALSE
	EndGlobalSection
	GlobalSection(ExtensibilityGlobals) = postSolution
		SolutionGuid = {41E08461-7DC8-40AF-9012-F58C63429AAF}
	EndGlobalSection
EndGlobal
